{
  "name": "say-hi",
  "version": "0.1.0",
  "lockfileVersion": 3,
  "requires": true,
  "packages": {
    "": {
      "name": "say-hi",
      "version": "0.1.0",
      "license": "AGPL-3.0-only",
      "dependencies": {
        "predictionary": "1.6.0"
      },
      "engines": {
        "node": ">=21.7"
      }
    },
    "node_modules/predictionary": {
      "version": "1.6.0",
      "resolved": "https://registry.npmjs.org/predictionary/-/predictionary-1.6.0.tgz",
      "integrity": "sha512-o2MzHtkb533J0optP+aZ6EcHeuYvg1bGyqtoK8Q+3sXIpx1mzruAzGtP/ZCFo5+uARnLdjwDGYOj0QTiaFNHDQ==",
      "license": "AGPL-3.0"
    }
  }
}
